
Microsoft Visual Studio Solution File, Format Version 12.00
# Visual Studio 2012
Project("{FAE04EC0-301F-11D3-BF4B-00C04F79EFBC}") = "tomado-de-decizao", "tomado-de-decizao\tomado-de-decizao.csproj", "{B11B5D6E-F281-485D-AAD7-9BE12E7F375D}"
EndProject
Global
	GlobalSection(SolutionConfigurationPlatforms) = preSolution
		Debug|Any CPU = Debug|Any CPU
		Release|Any CPU = Release|Any CPU
	EndGlobalSection
	GlobalSection(ProjectConfigurationPlatforms) = postSolution
		{B11B5D6E-F281-485D-AAD7-9BE12E7F375D}.Debug|Any CPU.ActiveCfg = Debug|Any CPU
		{B11B5D6E-F281-485D-AAD7-9BE12E7F375D}.Debug|Any CPU.Build.0 = Debug|Any CPU
		{B11B5D6E-F281-485D-AAD7-9BE12E7F375D}.Release|Any CPU.ActiveCfg = Release|Any CPU
		{B11B5D6E-F281-485D-AAD7-9BE12E7F375D}.Release|Any CPU.Build.0 = Release|Any CPU
	EndGlobalSection
	GlobalSection(SolutionProperties) = preSolution
		HideSolutionNode = FALSE
	EndGlobalSection
EndGlobal
